
Microsoft Visual Studio Solution File, Format Version 12.00
# Visual Studio 2017
Project("{FAE04EC0-301F-11D3-BF4B-00C04F79EFBC}") = "3D_MUD_Project.Plugins", "3D_MUD_Project.Plugins.csproj", "{732A535E-A94C-25DB-3E78-3A81AE5BCEE2}"
EndProject
Project("{FAE04EC0-301F-11D3-BF4B-00C04F79EFBC}") = "3D_MUD_Project", "3D_MUD_Project.csproj", "{EDFF7D07-6CE0-8DC1-23EA-B68D352F923A}"
EndProject
Global
	GlobalSection(SolutionConfigurationPlatforms) = preSolution
		Debug|Any CPU = Debug|Any CPU
		Release|Any CPU = Release|Any CPU
	EndGlobalSection
	GlobalSection(ProjectConfigurationPlatforms) = postSolution
		{732A535E-A94C-25DB-3E78-3A81AE5BCEE2}.Debug|Any CPU.ActiveCfg = Debug|Any CPU
		{732A535E-A94C-25DB-3E78-3A81AE5BCEE2}.Debug|Any CPU.Build.0 = Debug|Any CPU
		{732A535E-A94C-25DB-3E78-3A81AE5BCEE2}.Release|Any CPU.ActiveCfg = Release|Any CPU
		{732A535E-A94C-25DB-3E78-3A81AE5BCEE2}.Release|Any CPU.Build.0 = Release|Any CPU
		{EDFF7D07-6CE0-8DC1-23EA-B68D352F923A}.Debug|Any CPU.ActiveCfg = Debug|Any CPU
		{EDFF7D07-6CE0-8DC1-23EA-B68D352F923A}.Debug|Any CPU.Build.0 = Debug|Any CPU
		{EDFF7D07-6CE0-8DC1-23EA-B68D352F923A}.Release|Any CPU.ActiveCfg = Release|Any CPU
		{EDFF7D07-6CE0-8DC1-23EA-B68D352F923A}.Release|Any CPU.Build.0 = Release|Any CPU
	EndGlobalSection
	GlobalSection(SolutionProperties) = preSolution
		HideSolutionNode = FALSE
	EndGlobalSection
EndGlobal
